
Microsoft Visual Studio Solution File, Format Version 12.00
# Visual Studio Version 17
VisualStudioVersion = 17.2.32505.173
MinimumVisualStudioVersion = 10.0.40219.1
Project("{FAE04EC0-301F-11D3-BF4B-00C04F79EFBC}") = "sarvenExcelGenerator", "sarvenExcelGenerator\sarvenExcelGenerator.csproj", "{B08943FA-2F3E-473C-B9AA-EA9B3ADD6A1D}"
EndProject
Global
	GlobalSection(SolutionConfigurationPlatforms) = preSolution
		Debug|Any CPU = Debug|Any CPU
		Release|Any CPU = Release|Any CPU
	EndGlobalSection
	GlobalSection(ProjectConfigurationPlatforms) = postSolution
		{B08943FA-2F3E-473C-B9AA-EA9B3ADD6A1D}.Debug|Any CPU.ActiveCfg = Debug|Any CPU
		{B08943FA-2F3E-473C-B9AA-EA9B3ADD6A1D}.Debug|Any CPU.Build.0 = Debug|Any CPU
		{B08943FA-2F3E-473C-B9AA-EA9B3ADD6A1D}.Release|Any CPU.ActiveCfg = Release|Any CPU
		{B08943FA-2F3E-473C-B9AA-EA9B3ADD6A1D}.Release|Any CPU.Build.0 = Release|Any CPU
	EndGlobalSection
	GlobalSection(SolutionProperties) = preSolution
		HideSolutionNode = FALSE
	EndGlobalSection
	GlobalSection(ExtensibilityGlobals) = postSolution
		SolutionGuid = {6622F281-FF43-458A-97C3-723C4E960E02}
	EndGlobalSection
EndGlobal
